github.com/ManizhaM/bank v1.0.0 h1:t2y/Zc03Zhp9xj4hYjPVBHFFWEshJMdu+JiT4Ner9bU=
github.com/ManizhaM/bank v1.0.0/go.mod h1:Zi4aw2LL/cFGces1VBn4pQ30tGHHDmx8Czsxpld0mUc=
github.com/ManizhaM/bank/v2 v2.0.0 h1:osOFa7DcJ+SaiSei0MsPc8YA/DDbxIeia4R/fx2suqY=
github.com/ManizhaM/bank/v2 v2.0.0/go.mod h1:LFxzRDZQ4ZI83knvMMc7Q6aaNENZ5C2cvyC9JW/N3EQ=
